// !$*UTF8*$!
{
	archiveVersion = 1;
	classes = {
	};
	objectVersion = 46;
	objects = {

/* Begin PBXBuildFile section */
		C9056FA31CD8CC7E00AA95B8 /* AppDelegate.swift in Sources */ = {isa = PBXBuildFile; fileRef = C9056FA21CD8CC7E00AA95B8 /* AppDelegate.swift */; };
		C9056FA51CD8CC7E00AA95B8 /* ViewController.swift in Sources */ = {isa = PBXBuildFile; fileRef = C9056FA41CD8CC7E00AA95B8 /* ViewController.swift */; };
		C9056FA81CD8CC7E00AA95B8 /* Main.storyboard in Resources */ = {isa = PBXBuildFile; fileRef = C9056FA61CD8CC7E00AA95B8 /* Main.storyboard */; };
		C9056FAA1CD8CC7E00AA95B8 /* Assets.xcassets in Resources */ = {isa = PBXBuildFile; fileRef = C9056FA91CD8CC7E00AA95B8 /* Assets.xcassets */; };
		C9056FAD1CD8CC7E00AA95B8 /* LaunchScreen.storyboard in Resources */ = {isa = PBXBuildFile; fileRef = C9056FAB1CD8CC7E00AA95B8 /* LaunchScreen.storyboard */; };
		C957D4611CE0515500311C34 /* SettingNameViewController.swift in Sources */ = {isa = PBXBuildFile; fileRef = C957D4601CE0515500311C34 /* SettingNameViewController.swift */; };
		C957D4631CE0583A00311C34 /* SettingNumberViewController.swift in Sources */ = {isa = PBXBuildFile; fileRef = C957D4621CE0583A00311C34 /* SettingNumberViewController.swift */; };
		C957D4651CE0585700311C34 /* ChooseDeleteViewController.swift in Sources */ = {isa = PBXBuildFile; fileRef = C957D4641CE0585700311C34 /* ChooseDeleteViewController.swift */; };
/* End PBXBuildFile section */

/* Begin PBXFileReference section */
		C9056F9F1CD8CC7E00AA95B8 /* QuickDial.app */ = {isa = PBXFileReference; explicitFileType = wrapper.application; includeInIndex = 0; path = QuickDial.app; sourceTree = BUILT_PRODUCTS_DIR; };
		C9056FA21CD8CC7E00AA95B8 /* AppDelegate.swift */ = {isa = PBXFileReference; lastKnownFileType = sourcecode.swift; path = AppDelegate.swift; sourceTree = "<group>"; };
		C9056FA41CD8CC7E00AA95B8 /* ViewController.swift */ = {isa = PBXFileReference; lastKnownFileType = sourcecode.swift; path = ViewController.swift; sourceTree = "<group>"; };
		C9056FA71CD8CC7E00AA95B8 /* Base */ = {isa = PBXFileReference; lastKnownFileType = file.storyboard; name = Base; path = Base.lproj/Main.storyboard; sourceTree = "<group>"; };
		C9056FA91CD8CC7E00AA95B8 /* Assets.xcassets */ = {isa = PBXFileReference; lastKnownFileType = folder.assetcatalog; path = Assets.xcassets; sourceTree = "<group>"; };
		C9056FAC1CD8CC7E00AA95B8 /* Base */ = {isa = PBXFileReference; lastKnownFileType = file.storyboard; name = Base; path = Base.lproj/LaunchScreen.storyboard; sourceTree = "<group>"; };
		C9056FAE1CD8CC7E00AA95B8 /* Info.plist */ = {isa = PBXFileReference; lastKnownFileType = text.plist.xml; path = Info.plist; sourceTree = "<group>"; };
		C957D4601CE0515500311C34 /* SettingNameViewController.swift */ = {isa = PBXFileReference; fileEncoding = 4; lastKnownFileType = sourcecode.swift; path = SettingNameViewController.swift; sourceTree = "<group>"; };
		C957D4621CE0583A00311C34 /* SettingNumberViewController.swift */ = {isa = PBXFileReference; fileEncoding = 4; lastKnownFileType = sourcecode.swift; path = SettingNumberViewController.swift; sourceTree = "<group>"; };
		C957D4641CE0585700311C34 /* ChooseDeleteViewController.swift */ = {isa = PBXFileReference; fileEncoding = 4; lastKnownFileType = sourcecode.swift; path = ChooseDeleteViewController.swift; sourceTree = "<group>"; };
/* End PBXFileReference section */

/* Begin PBXFrameworksBuildPhase section */
		C9056F9C1CD8CC7E00AA95B8 /* Frameworks */ = {
			isa = PBXFrameworksBuildPhase;
			buildActionMask = 2147483647;
			files = (
			);
			runOnlyForDeploymentPostprocessing = 0;
		};
/* End PBXFrameworksBuildPhase section */

/* Begin PBXGroup section */
		C9056F961CD8CC7E00AA95B8 = {
			isa = PBXGroup;
			children = (
				C9056FA11CD8CC7E00AA95B8 /* QuickDial */,
				C9056FA01CD8CC7E00AA95B8 /* Products */,
			);
			sourceTree = "<group>";
		};
		C9056FA01CD8CC7E00AA95B8 /* Products */ = {
			isa = PBXGroup;
			children = (
				C9056F9F1CD8CC7E00AA95B8 /* QuickDial.app */,
			);
			name = Products;
			sourceTree = "<group>";
		};
		C9056FA11CD8CC7E00AA95B8 /* QuickDial */ = {
			isa = PBXGroup;
			children = (
				C9056FA21CD8CC7E00AA95B8 /* AppDelegate.swift */,
				C9056FA41CD8CC7E00AA95B8 /* ViewController.swift */,
				C9056FA61CD8CC7E00AA95B8 /* Main.storyboard */,
				C9056FA91CD8CC7E00AA95B8 /* Assets.xcassets */,
				C9056FAB1CD8CC7E00AA95B8 /* LaunchScreen.storyboard */,
				C9056FAE1CD8CC7E00AA95B8 /* Info.plist */,
				C957D4601CE0515500311C34 /* SettingNameViewController.swift */,
				C957D4621CE0583A00311C34 /* SettingNumberViewController.swift */,
				C957D4641CE0585700311C34 /* ChooseDeleteViewController.swift */,
			);
			path = QuickDial;
			sourceTree = "<group>";
		};
/* End PBXGroup section */

/* Begin PBXNativeTarget section */
		C9056F9E1CD8CC7E00AA95B8 /* QuickDial */ = {
			isa = PBXNativeTarget;
			buildConfigurationList = C9056FB11CD8CC7E00AA95B8 /* Build configuration list for PBXNativeTarget "QuickDial" */;
			buildPhases = (
				C9056F9B1CD8CC7E00AA95B8 /* Sources */,
				C9056F9C1CD8CC7E00AA95B8 /* Frameworks */,
				C9056F9D1CD8CC7E00AA95B8 /* Resources */,
			);
			buildRules = (
			);
			dependencies = (
			);
			name = QuickDial;
			productName = QuickDial;
			productReference = C9056F9F1CD8CC7E00AA95B8 /* QuickDial.app */;
			productType = "com.apple.product-type.application";
		};
/* End PBXNativeTarget section */

/* Begin PBXProject section */
		C9056F971CD8CC7E00AA95B8 /* Project object */ = {
			isa = PBXProject;
			attributes = {
				LastSwiftUpdateCheck = 0730;
				LastUpgradeCheck = 0730;
				ORGANIZATIONNAME = Kero;
				TargetAttributes = {
					C9056F9E1CD8CC7E00AA95B8 = {
						CreatedOnToolsVersion = 7.3;
					};
				};
			};
			buildConfigurationList = C9056F9A1CD8CC7E00AA95B8 /* Build configuration list for PBXProject "QuickDial" */;
			compatibilityVersion = "Xcode 3.2";
			developmentRegion = English;
			hasScannedForEncodings = 0;
			knownRegions = (
				en,
				Base,
			);
			mainGroup = C9056F961CD8CC7E00AA95B8;
			productRefGroup = C9056FA01CD8CC7E00AA95B8 /* Products */;
			projectDirPath = "";
			projectRoot = "";
			targets = (
				C9056F9E1CD8CC7E00AA95B8 /* QuickDial */,
			);
		};
/* End PBXProject section */

/* Begin PBXResourcesBuildPhase section */
		C9056F9D1CD8CC7E00AA95B8 /* Resources */ = {
			isa = PBXResourcesBuildPhase;
			buildActionMask = 2147483647;
			files = (
				C9056FAD1CD8CC7E00AA95B8 /* LaunchScreen.storyboard in Resources */,
				C9056FAA1CD8CC7E00AA95B8 /* Assets.xcassets in Resources */,
				C9056FA81CD8CC7E00AA95B8 /* Main.storyboard in Resources */,
			);
			runOnlyForDeploymentPostprocessing = 0;
		};
/* End PBXResourcesBuildPhase section */

/* Begin PBXSourcesBuildPhase section */
		C9056F9B1CD8CC7E00AA95B8 /* Sources */ = {
			isa = PBXSourcesBuildPhase;
			buildActionMask = 2147483647;
			files = (
				C957D4611CE0515500311C34 /* SettingNameViewController.swift in Sources */,
				C957D4651CE0585700311C34 /* ChooseDeleteViewController.swift in Sources */,
				C9056FA51CD8CC7E00AA95B8 /* ViewController.swift in Sources */,
				C957D4631CE0583A00311C34 /* SettingNumberViewController.swift in Sources */,
				C9056FA31CD8CC7E00AA95B8 /* AppDelegate.swift in Sources */,
			);
			runOnlyForDeploymentPostprocessing = 0;
		};
/* End PBXSourcesBuildPhase section */

/* Begin PBXVariantGroup section */
		C9056FA61CD8CC7E00AA95B8 /* Main.storyboard */ = {
			isa = PBXVariantGroup;
			children = (
				C9056FA71CD8CC7E00AA95B8 /* Base */,
			);
			name = Main.storyboard;
			sourceTree = "<group>";
		};
		C9056FAB1CD8CC7E00AA95B8 /* LaunchScreen.storyboard */ = {
			isa = PBXVariantGroup;
			children = (
				C9056FAC1CD8CC7E00AA95B8 /* Base */,
			);
			name = LaunchScreen.storyboard;
			sourceTree = "<group>";
		};
/* End PBXVariantGroup section */

/* Begin XCBuildConfiguration section */
		C9056FAF1CD8CC7E00AA95B8 /* Debug */ = {
			isa = XCBuildConfiguration;
			buildSettings = {
				ALWAYS_SEARCH_USER_PATHS = NO;
				CLANG_ANALYZER_NONNULL = YES;
				CLANG_CXX_LANGUAGE_STANDARD = "gnu++0x";
				CLANG_CXX_LIBRARY = "libc++";
				CLANG_ENABLE_MODULES = YES;
				CLANG_ENABLE_OBJC_ARC = YES;
				CLANG_WARN_BOOL_CONVERSION = YES;
				CLANG_WARN_CONSTANT_CONVERSION = YES;
				CLANG_WARN_DIRECT_OBJC_ISA_USAGE = YES_ERROR;
				CLANG_WARN_EMPTY_BODY = YES;
				CLANG_WARN_ENUM_CONVERSION = YES;
				CLANG_WARN_INT_CONVERSION = YES;
				CLANG_WARN_OBJC_ROOT_CLASS = YES_ERROR;
				CLANG_WARN_UNREACHABLE_CODE = YES;
				CLANG_WARN__DUPLICATE_METHOD_MATCH = YES;
				"CODE_SIGN_IDENTITY[sdk=iphoneos*]" = "iPhone Developer";
				COPY_PHASE_STRIP = NO;
				DEBUG_INFORMATION_FORMAT = dwarf;
				ENABLE_STRICT_OBJC_MSGSEND = YES;
				ENABLE_TESTABILITY = YES;
				GCC_C_LANGUAGE_STANDARD = gnu99;
				GCC_DYNAMIC_NO_PIC = NO;
				GCC_NO_COMMON_BLOCKS = YES;
				GCC_OPTIMIZATION_LEVEL = 0;
				GCC_PREPROCESSOR_DEFINITIONS = (
					"DEBUG=1",
					"$(inherited)",
				);
				GCC_WARN_64_TO_32_BIT_CONVERSION = YES;
				GCC_WARN_ABOUT_RETURN_TYPE = YES_ERROR;
				GCC_WARN_UNDECLARED_SELECTOR = YES;
				GCC_WARN_UNINITIALIZED_AUTOS = YES_AGGRESSIVE;
				GCC_WARN_UNUSED_FUNCTION = YES;
				GCC_WARN_UNUSED_VARIABLE = YES;
				IPHONEOS_DEPLOYMENT_TARGET = 9.3;
				MTL_ENABLE_DEBUG_INFO = YES;
				ONLY_ACTIVE_ARCH = YES;
				SDKROOT = iphoneos;
				SWIFT_OPTIMIZATION_LEVEL = "-Onone";
				TARGETED_DEVICE_FAMILY = "1,2";
			};
			name = Debug;
		};
		C9056FB01CD8CC7E00AA95B8 /* Release */ = {
			isa = XCBuildConfiguration;
			buildSettings = {
				ALWAYS_SEARCH_USER_PATHS = NO;
				CLANG_ANALYZER_NONNULL = YES;
				CLANG_CXX_LANGUAGE_STANDARD = "gnu++0x";
				CLANG_CXX_LIBRARY = "libc++";
				CLANG_ENABLE_MODULES = YES;
				CLANG_ENABLE_OBJC_ARC = YES;
				CLANG_WARN_BOOL_CONVERSION = YES;
				CLANG_WARN_CONSTANT_CONVERSION = YES;
				CLANG_WARN_DIRECT_OBJC_ISA_USAGE = YES_ERROR;
				CLANG_WARN_EMPTY_BODY = YES;
				CLANG_WARN_ENUM_CONVERSION = YES;
				CLANG_WARN_INT_CONVERSION = YES;
				CLANG_WARN_OBJC_ROOT_CLASS = YES_ERROR;
				CLANG_WARN_UNREACHABLE_CODE = YES;
				CLANG_WARN__DUPLICATE_METHOD_MATCH = YES;
				"CODE_SIGN_IDENTITY[sdk=iphoneos*]" = "iPhone Developer";
				COPY_PHASE_STRIP = NO;
				DEBUG_INFORMATION_FORMAT = "dwarf-with-dsym";
				ENABLE_NS_ASSERTIONS = NO;
				ENABLE_STRICT_OBJC_MSGSEND = YES;
				GCC_C_LANGUAGE_STANDARD = gnu99;
				GCC_NO_COMMON_BLOCKS = YES;
				GCC_WARN_64_TO_32_BIT_CONVERSION = YES;
				GCC_WARN_ABOUT_RETURN_TYPE = YES_ERROR;
				GCC_WARN_UNDECLARED_SELECTOR = YES;
				GCC_WARN_UNINITIALIZED_AUTOS = YES_AGGRESSIVE;
				GCC_WARN_UNUSED_FUNCTION = YES;
				GCC_WARN_UNUSED_VARIABLE = YES;
				IPHONEOS_DEPLOYMENT_TARGET = 9.3;
				MTL_ENABLE_DEBUG_INFO = NO;
				SDKROOT = iphoneos;
				TARGETED_DEVICE_FAMILY = "1,2";
				VALIDATE_PRODUCT = YES;
			};
			name = Release;
		};
		C9056FB21CD8CC7E00AA95B8 /* Debug */ = {
			isa = XCBuildConfiguration;
			buildSettings = {
				ASSETCATALOG_COMPILER_APPICON_NAME = AppIcon;
				INFOPLIST_FILE = QuickDial/Info.plist;
				LD_RUNPATH_SEARCH_PATHS = "$(inherited) @executable_path/Frameworks";
				PRODUCT_BUNDLE_IDENTIFIER = com.kero.QuickDial;
				PRODUCT_NAME = "$(TARGET_NAME)";
			};
			name = Debug;
		};
		C9056FB31CD8CC7E00AA95B8 /* Release */ = {
			isa = XCBuildConfiguration;
			buildSettings = {
				ASSETCATALOG_COMPILER_APPICON_NAME = AppIcon;
				INFOPLIST_FILE = QuickDial/Info.plist;
				LD_RUNPATH_SEARCH_PATHS = "$(inherited) @executable_path/Frameworks";
				PRODUCT_BUNDLE_IDENTIFIER = com.kero.QuickDial;
				PRODUCT_NAME = "$(TARGET_NAME)";
			};
			name = Release;
		};
/* End XCBuildConfiguration section */

/* Begin XCConfigurationList section */
		C9056F9A1CD8CC7E00AA95B8 /* Build configuration list for PBXProject "QuickDial" */ = {
			isa = XCConfigurationList;
			buildConfigurations = (
				C9056FAF1CD8CC7E00AA95B8 /* Debug */,
				C9056FB01CD8CC7E00AA95B8 /* Release */,
			);
			defaultConfigurationIsVisible = 0;
			defaultConfigurationName = Release;
		};
		C9056FB11CD8CC7E00AA95B8 /* Build configuration list for PBXNativeTarget "QuickDial" */ = {
			isa = XCConfigurationList;
			buildConfigurations = (
				C9056FB21CD8CC7E00AA95B8 /* Debug */,
				C9056FB31CD8CC7E00AA95B8 /* Release */,
			);
			defaultConfigurationIsVisible = 0;
			defaultConfigurationName = Release;
		};
/* End XCConfigurationList section */
	};
	rootObject = C9056F971CD8CC7E00AA95B8 /* Project object */;
}
